// !$*UTF8*$!
{
	archiveVersion = 1;
	classes = {
	};
	objectVersion = 77;
	objects = {

/* Begin PBXBuildFile section */
		A39DE6272E2E091C006A1E2D /* fix-build-issue.sh in Resources */ = {isa = PBXBuildFile; fileRef = A39DE6262E2E091C006A1E2D /* fix-build-issue.sh */; };
		A39DE6292E2E0934006A1E2D /* diagnose-build-issue.sh in Resources */ = {isa = PBXBuildFile; fileRef = A39DE6282E2E0934006A1E2D /* diagnose-build-issue.sh */; };
		A39DE62B2E2E094B006A1E2D /* BUILD-FIX-APPLIED.md in Resources */ = {isa = PBXBuildFile; fileRef = A39DE62A2E2E094B006A1E2D /* BUILD-FIX-APPLIED.md */; };
		A39DE62D2E2E09EF006A1E2D /* immediate-fix.sh in Resources */ = {isa = PBXBuildFile; fileRef = A39DE62C2E2E09EF006A1E2D /* immediate-fix.sh */; };
		A39DE62F2E2E09F3006A1E2D /* run-fix.command in Resources */ = {isa = PBXBuildFile; fileRef = A39DE62E2E2E09F3006A1E2D /* run-fix.command */; };
		A3B5A04F2E2E03D100E8C881 /* SyntraChatIOSTests-Info.plist in Resources */ = {isa = PBXBuildFile; fileRef = A3B5A04E2E2E03D100E8C881 /* SyntraChatIOSTests-Info.plist */; };
		A3B5A0512E2E03D500E8C881 /* SyntraChatIOSUITests-Info.plist in Resources */ = {isa = PBXBuildFile; fileRef = A3B5A0502E2E03D500E8C881 /* SyntraChatIOSUITests-Info.plist */; };
		A3B5A0552E2E086B00E8C881 /* TROUBLESHOOTING.md in Resources */ = {isa = PBXBuildFile; fileRef = A3B5A0542E2E086B00E8C881 /* TROUBLESHOOTING.md */; };
/* End PBXBuildFile section */

/* Begin PBXContainerItemProxy section */
		A3B5A01F2E2DF8B800E8C881 /* PBXContainerItemProxy */ = {
			isa = PBXContainerItemProxy;
			containerPortal = A3B5A0052E2DF8B600E8C881 /* Project object */;
			proxyType = 1;
			remoteGlobalIDString = A3B5A00C2E2DF8B600E8C881;
			remoteInfo = SyntraChatIOS;
		};
		A3B5A0292E2DF8B800E8C881 /* PBXContainerItemProxy */ = {
			isa = PBXContainerItemProxy;
			containerPortal = A3B5A0052E2DF8B600E8C881 /* Project object */;
			proxyType = 1;
			remoteGlobalIDString = A3B5A00C2E2DF8B600E8C881;
			remoteInfo = SyntraChatIOS;
		};
/* End PBXContainerItemProxy section */

/* Begin PBXFileReference section */
		A39DE6262E2E091C006A1E2D /* fix-build-issue.sh */ = {isa = PBXFileReference; lastKnownFileType = text.script.sh; path = "fix-build-issue.sh"; sourceTree = "<group>"; };
		A39DE6282E2E0934006A1E2D /* diagnose-build-issue.sh */ = {isa = PBXFileReference; lastKnownFileType = text.script.sh; path = "diagnose-build-issue.sh"; sourceTree = "<group>"; };
		A39DE62A2E2E094B006A1E2D /* BUILD-FIX-APPLIED.md */ = {isa = PBXFileReference; lastKnownFileType = net.daringfireball.markdown; path = "BUILD-FIX-APPLIED.md"; sourceTree = "<group>"; };
		A39DE62C2E2E09EF006A1E2D /* immediate-fix.sh */ = {isa = PBXFileReference; lastKnownFileType = text.script.sh; path = "immediate-fix.sh"; sourceTree = "<group>"; };
		A39DE62E2E2E09F3006A1E2D /* run-fix.command */ = {isa = PBXFileReference; lastKnownFileType = text.script.sh; path = "run-fix.command"; sourceTree = "<group>"; };
		A3B5A00D2E2DF8B600E8C881 /* SyntraChatIOS.app */ = {isa = PBXFileReference; explicitFileType = wrapper.application; includeInIndex = 0; path = SyntraChatIOS.app; sourceTree = BUILT_PRODUCTS_DIR; };
		A3B5A01E2E2DF8B800E8C881 /* SyntraChatIOSTests.xctest */ = {isa = PBXFileReference; explicitFileType = wrapper.cfbundle; includeInIndex = 0; path = SyntraChatIOSTests.xctest; sourceTree = BUILT_PRODUCTS_DIR; };
		A3B5A0282E2DF8B800E8C881 /* SyntraChatIOSUITests.xctest */ = {isa = PBXFileReference; explicitFileType = wrapper.cfbundle; includeInIndex = 0; path = SyntraChatIOSUITests.xctest; sourceTree = BUILT_PRODUCTS_DIR; };
		A3B5A04E2E2E03D100E8C881 /* SyntraChatIOSTests-Info.plist */ = {isa = PBXFileReference; lastKnownFileType = text.plist.xml; path = "SyntraChatIOSTests-Info.plist"; sourceTree = "<group>"; };
		A3B5A0502E2E03D500E8C881 /* SyntraChatIOSUITests-Info.plist */ = {isa = PBXFileReference; lastKnownFileType = text.plist.xml; path = "SyntraChatIOSUITests-Info.plist"; sourceTree = "<group>"; };
		A3B5A0542E2E086B00E8C881 /* TROUBLESHOOTING.md */ = {isa = PBXFileReference; lastKnownFileType = net.daringfireball.markdown; path = TROUBLESHOOTING.md; sourceTree = "<group>"; };
/* End PBXFileReference section */

/* Begin PBXFileSystemSynchronizedBuildFileExceptionSet section */
		A3B5A0302E2DF8B800E8C881 /* Exceptions for "SyntraChatIOS" folder in "SyntraChatIOS" target */ = {
			isa = PBXFileSystemSynchronizedBuildFileExceptionSet;
			membershipExceptions = (
				Info.plist,
			);
			target = A3B5A00C2E2DF8B600E8C881 /* SyntraChatIOS */;
		};
/* End PBXFileSystemSynchronizedBuildFileExceptionSet section */

/* Begin PBXFileSystemSynchronizedRootGroup section */
		A3B5A00F2E2DF8B600E8C881 /* SyntraChatIOS */ = {
			isa = PBXFileSystemSynchronizedRootGroup;
			exceptions = (
				A3B5A0302E2DF8B800E8C881 /* Exceptions for "SyntraChatIOS" folder in "SyntraChatIOS" target */,
			);
			path = SyntraChatIOS;
			sourceTree = "<group>";
		};
		A3B5A0212E2DF8B800E8C881 /* SyntraChatIOSTests */ = {
			isa = PBXFileSystemSynchronizedRootGroup;
			path = SyntraChatIOSTests;
			sourceTree = "<group>";
		};
		A3B5A02B2E2DF8B800E8C881 /* SyntraChatIOSUITests */ = {
			isa = PBXFileSystemSynchronizedRootGroup;
			path = SyntraChatIOSUITests;
			sourceTree = "<group>";
		};
/* End PBXFileSystemSynchronizedRootGroup section */

/* Begin PBXFrameworksBuildPhase section */
		A3B5A00A2E2DF8B600E8C881 /* Frameworks */ = {
			isa = PBXFrameworksBuildPhase;
			buildActionMask = 2147483647;
			files = (
			);
			runOnlyForDeploymentPostprocessing = 0;
		};
		A3B5A01B2E2DF8B800E8C881 /* Frameworks */ = {
			isa = PBXFrameworksBuildPhase;
			buildActionMask = 2147483647;
			files = (
			);
			runOnlyForDeploymentPostprocessing = 0;
		};
		A3B5A0252E2DF8B800E8C881 /* Frameworks */ = {
			isa = PBXFrameworksBuildPhase;
			buildActionMask = 2147483647;
			files = (
			);
			runOnlyForDeploymentPostprocessing = 0;
		};
/* End PBXFrameworksBuildPhase section */

/* Begin PBXGroup section */
		A3B5A0042E2DF8B600E8C881 = {
			isa = PBXGroup;
			children = (
				A3B5A00F2E2DF8B600E8C881 /* SyntraChatIOS */,
				A3B5A0212E2DF8B800E8C881 /* SyntraChatIOSTests */,
				A3B5A02B2E2DF8B800E8C881 /* SyntraChatIOSUITests */,
				A3B5A00E2E2DF8B600E8C881 /* Products */,
				A3B5A04E2E2E03D100E8C881 /* SyntraChatIOSTests-Info.plist */,
				A3B5A0502E2E03D500E8C881 /* SyntraChatIOSUITests-Info.plist */,
				A3B5A0542E2E086B00E8C881 /* TROUBLESHOOTING.md */,
				A39DE6262E2E091C006A1E2D /* fix-build-issue.sh */,
				A39DE6282E2E0934006A1E2D /* diagnose-build-issue.sh */,
				A39DE62A2E2E094B006A1E2D /* BUILD-FIX-APPLIED.md */,
				A39DE62C2E2E09EF006A1E2D /* immediate-fix.sh */,
				A39DE62E2E2E09F3006A1E2D /* run-fix.command */,
			);
			sourceTree = "<group>";
		};
		A3B5A00E2E2DF8B600E8C881 /* Products */ = {
			isa = PBXGroup;
			children = (
				A3B5A00D2E2DF8B600E8C881 /* SyntraChatIOS.app */,
				A3B5A01E2E2DF8B800E8C881 /* SyntraChatIOSTests.xctest */,
				A3B5A0282E2DF8B800E8C881 /* SyntraChatIOSUITests.xctest */,
			);
			name = Products;
			sourceTree = "<group>";
		};
/* End PBXGroup section */

/* Begin PBXNativeTarget section */
		A3B5A00C2E2DF8B600E8C881 /* SyntraChatIOS */ = {
			isa = PBXNativeTarget;
			buildConfigurationList = A3B5A0312E2DF8B800E8C881 /* Build configuration list for PBXNativeTarget "SyntraChatIOS" */;
			buildPhases = (
				A3B5A0092E2DF8B600E8C881 /* Sources */,
				A3B5A00A2E2DF8B600E8C881 /* Frameworks */,
				A3B5A00B2E2DF8B600E8C881 /* Resources */,
			);
			buildRules = (
			);
			dependencies = (
			);
			fileSystemSynchronizedGroups = (
				A3B5A00F2E2DF8B600E8C881 /* SyntraChatIOS */,
			);
			name = SyntraChatIOS;
			packageProductDependencies = (
			);
			productName = SyntraChatIOS;
			productReference = A3B5A00D2E2DF8B600E8C881 /* SyntraChatIOS.app */;
			productType = "com.apple.product-type.application";
		};
		A3B5A01D2E2DF8B800E8C881 /* SyntraChatIOSTests */ = {
			isa = PBXNativeTarget;
			buildConfigurationList = A3B5A0362E2DF8B800E8C881 /* Build configuration list for PBXNativeTarget "SyntraChatIOSTests" */;
			buildPhases = (
				A3B5A01A2E2DF8B800E8C881 /* Sources */,
				A3B5A01B2E2DF8B800E8C881 /* Frameworks */,
				A3B5A01C2E2DF8B800E8C881 /* Resources */,
			);
			buildRules = (
			);
			dependencies = (
				A3B5A0202E2DF8B800E8C881 /* PBXTargetDependency */,
			);
			fileSystemSynchronizedGroups = (
				A3B5A0212E2DF8B800E8C881 /* SyntraChatIOSTests */,
			);
			name = SyntraChatIOSTests;
			packageProductDependencies = (
			);
			productName = SyntraChatIOSTests;
			productReference = A3B5A01E2E2DF8B800E8C881 /* SyntraChatIOSTests.xctest */;
			productType = "com.apple.product-type.bundle.unit-test";
		};
		A3B5A0272E2DF8B800E8C881 /* SyntraChatIOSUITests */ = {
			isa = PBXNativeTarget;
			buildConfigurationList = A3B5A0392E2DF8B800E8C881 /* Build configuration list for PBXNativeTarget "SyntraChatIOSUITests" */;
			buildPhases = (
				A3B5A0242E2DF8B800E8C881 /* Sources */,
				A3B5A0252E2DF8B800E8C881 /* Frameworks */,
				A3B5A0262E2DF8B800E8C881 /* Resources */,
			);
			buildRules = (
			);
			dependencies = (
				A3B5A02A2E2DF8B800E8C881 /* PBXTargetDependency */,
			);
			fileSystemSynchronizedGroups = (
				A3B5A02B2E2DF8B800E8C881 /* SyntraChatIOSUITests */,
			);
			name = SyntraChatIOSUITests;
			packageProductDependencies = (
			);
			productName = SyntraChatIOSUITests;
			productReference = A3B5A0282E2DF8B800E8C881 /* SyntraChatIOSUITests.xctest */;
			productType = "com.apple.product-type.bundle.ui-testing";
		};
/* End PBXNativeTarget section */

/* Begin PBXProject section */
		A3B5A0052E2DF8B600E8C881 /* Project object */ = {
			isa = PBXProject;
			attributes = {
				BuildIndependentTargetsInParallel = 1;
				LastSwiftUpdateCheck = 2600;
				LastUpgradeCheck = 2600;
				TargetAttributes = {
					A3B5A00C2E2DF8B600E8C881 = {
						CreatedOnToolsVersion = 26.0;
					};
					A3B5A01D2E2DF8B800E8C881 = {
						CreatedOnToolsVersion = 26.0;
						TestTargetID = A3B5A00C2E2DF8B600E8C881;
					};
					A3B5A0272E2DF8B800E8C881 = {
						CreatedOnToolsVersion = 26.0;
						TestTargetID = A3B5A00C2E2DF8B600E8C881;
					};
				};
			};
			buildConfigurationList = A3B5A0082E2DF8B600E8C881 /* Build configuration list for PBXProject "SyntraChatIOS" */;
			developmentRegion = en;
			hasScannedForEncodings = 0;
			knownRegions = (
				en,
				Base,
			);
			mainGroup = A3B5A0042E2DF8B600E8C881;
			minimizedProjectReferenceProxies = 1;
			preferredProjectObjectVersion = 77;
			productRefGroup = A3B5A00E2E2DF8B600E8C881 /* Products */;
			projectDirPath = "";
			projectRoot = "";
			targets = (
				A3B5A00C2E2DF8B600E8C881 /* SyntraChatIOS */,
				A3B5A01D2E2DF8B800E8C881 /* SyntraChatIOSTests */,
				A3B5A0272E2DF8B800E8C881 /* SyntraChatIOSUITests */,
			);
		};
/* End PBXProject section */

/* Begin PBXResourcesBuildPhase section */
		A3B5A00B2E2DF8B600E8C881 /* Resources */ = {
			isa = PBXResourcesBuildPhase;
			buildActionMask = 2147483647;
			files = (
				A39DE6292E2E0934006A1E2D /* diagnose-build-issue.sh in Resources */,
				A3B5A0512E2E03D500E8C881 /* SyntraChatIOSUITests-Info.plist in Resources */,
				A3B5A04F2E2E03D100E8C881 /* SyntraChatIOSTests-Info.plist in Resources */,
				A39DE62D2E2E09EF006A1E2D /* immediate-fix.sh in Resources */,
				A39DE6272E2E091C006A1E2D /* fix-build-issue.sh in Resources */,
				A39DE62B2E2E094B006A1E2D /* BUILD-FIX-APPLIED.md in Resources */,
				A3B5A0552E2E086B00E8C881 /* TROUBLESHOOTING.md in Resources */,
				A39DE62F2E2E09F3006A1E2D /* run-fix.command in Resources */,
			);
			runOnlyForDeploymentPostprocessing = 0;
		};
		A3B5A01C2E2DF8B800E8C881 /* Resources */ = {
			isa = PBXResourcesBuildPhase;
			buildActionMask = 2147483647;
			files = (
			);
			runOnlyForDeploymentPostprocessing = 0;
		};
		A3B5A0262E2DF8B800E8C881 /* Resources */ = {
			isa = PBXResourcesBuildPhase;
			buildActionMask = 2147483647;
			files = (
			);
			runOnlyForDeploymentPostprocessing = 0;
		};
/* End PBXResourcesBuildPhase section */

/* Begin PBXSourcesBuildPhase section */
		A3B5A0092E2DF8B600E8C881 /* Sources */ = {
			isa = PBXSourcesBuildPhase;
			buildActionMask = 2147483647;
			files = (
			);
			runOnlyForDeploymentPostprocessing = 0;
		};
		A3B5A01A2E2DF8B800E8C881 /* Sources */ = {
			isa = PBXSourcesBuildPhase;
			buildActionMask = 2147483647;
			files = (
			);
			runOnlyForDeploymentPostprocessing = 0;
		};
		A3B5A0242E2DF8B800E8C881 /* Sources */ = {
			isa = PBXSourcesBuildPhase;
			buildActionMask = 2147483647;
			files = (
			);
			runOnlyForDeploymentPostprocessing = 0;
		};
/* End PBXSourcesBuildPhase section */

/* Begin PBXTargetDependency section */
		A3B5A0202E2DF8B800E8C881 /* PBXTargetDependency */ = {
			isa = PBXTargetDependency;
			target = A3B5A00C2E2DF8B600E8C881 /* SyntraChatIOS */;
			targetProxy = A3B5A01F2E2DF8B800E8C881 /* PBXContainerItemProxy */;
		};
		A3B5A02A2E2DF8B800E8C881 /* PBXTargetDependency */ = {
			isa = PBXTargetDependency;
			target = A3B5A00C2E2DF8B600E8C881 /* SyntraChatIOS */;
			targetProxy = A3B5A0292E2DF8B800E8C881 /* PBXContainerItemProxy */;
		};
/* End PBXTargetDependency section */

/* Begin XCBuildConfiguration section */
		A3B5A0322E2DF8B800E8C881 /* Debug */ = {
			isa = XCBuildConfiguration;
			buildSettings = {
				ASSETCATALOG_COMPILER_APPICON_NAME = AppIcon;
				ASSETCATALOG_COMPILER_GLOBAL_ACCENT_COLOR_NAME = AccentColor;
				CODE_SIGN_ENTITLEMENTS = SyntraChatIOS/SyntraChatIOS.entitlements;
				CODE_SIGN_STYLE = Automatic;
				CURRENT_PROJECT_VERSION = 1;
				DEVELOPMENT_TEAM = 5BMZT525A2;
				ENABLE_PREVIEWS = YES;
				GENERATE_INFOPLIST_FILE = YES;
				INFOPLIST_FILE = SyntraChatIOS/Info.plist;
				INFOPLIST_KEY_UIApplicationSceneManifest_Generation = YES;
				INFOPLIST_KEY_UIApplicationSupportsIndirectInputEvents = YES;
				INFOPLIST_KEY_UILaunchScreen_Generation = YES;
				INFOPLIST_KEY_UISupportedInterfaceOrientations_iPad = "UIInterfaceOrientationPortrait UIInterfaceOrientationPortraitUpsideDown UIInterfaceOrientationLandscapeLeft UIInterfaceOrientationLandscapeRight";
				INFOPLIST_KEY_UISupportedInterfaceOrientations_iPhone = "UIInterfaceOrientationPortrait UIInterfaceOrientationLandscapeLeft UIInterfaceOrientationLandscapeRight";
				LD_RUNPATH_SEARCH_PATHS = (
					"$(inherited)",
					"@executable_path/Frameworks",
				);
				MARKETING_VERSION = 1.0;
				PRODUCT_BUNDLE_IDENTIFIER = Infektyd.SyntraChatIOS;
				PRODUCT_NAME = "$(TARGET_NAME)";
				STRING_CATALOG_GENERATE_SYMBOLS = YES;
				SWIFT_APPROACHABLE_CONCURRENCY = YES;
				SWIFT_DEFAULT_ACTOR_ISOLATION = MainActor;
				SWIFT_EMIT_LOC_STRINGS = YES;
				SWIFT_UPCOMING_FEATURE_MEMBER_IMPORT_VISIBILITY = YES;
				SWIFT_VERSION = 5.0;
				TARGETED_DEVICE_FAMILY = "1,2";
			};
			name = Debug;
		};
		A3B5A0332E2DF8B800E8C881 /* Release */ = {
			isa = XCBuildConfiguration;
			buildSettings = {
				ASSETCATALOG_COMPILER_APPICON_NAME = AppIcon;
				ASSETCATALOG_COMPILER_GLOBAL_ACCENT_COLOR_NAME = AccentColor;
				CODE_SIGN_ENTITLEMENTS = SyntraChatIOS/SyntraChatIOS.entitlements;
				CODE_SIGN_STYLE = Automatic;
				CURRENT_PROJECT_VERSION = 1;
				DEVELOPMENT_TEAM = 5BMZT525A2;
				ENABLE_PREVIEWS = YES;
				GENERATE_INFOPLIST_FILE = YES;
				INFOPLIST_FILE = SyntraChatIOS/Info.plist;
				INFOPLIST_KEY_UIApplicationSceneManifest_Generation = YES;
				INFOPLIST_KEY_UIApplicationSupportsIndirectInputEvents = YES;
				INFOPLIST_KEY_UILaunchScreen_Generation = YES;
				INFOPLIST_KEY_UISupportedInterfaceOrientations_iPad = "UIInterfaceOrientationPortrait UIInterfaceOrientationPortraitUpsideDown UIInterfaceOrientationLandscapeLeft UIInterfaceOrientationLandscapeRight";
				INFOPLIST_KEY_UISupportedInterfaceOrientations_iPhone = "UIInterfaceOrientationPortrait UIInterfaceOrientationLandscapeLeft UIInterfaceOrientationLandscapeRight";
				LD_RUNPATH_SEARCH_PATHS = (
					"$(inherited)",
					"@executable_path/Frameworks",
				);
				MARKETING_VERSION = 1.0;
				PRODUCT_BUNDLE_IDENTIFIER = Infektyd.SyntraChatIOS;
				PRODUCT_NAME = "$(TARGET_NAME)";
				STRING_CATALOG_GENERATE_SYMBOLS = YES;
				SWIFT_APPROACHABLE_CONCURRENCY = YES;
				SWIFT_DEFAULT_ACTOR_ISOLATION = MainActor;
				SWIFT_EMIT_LOC_STRINGS = YES;
				SWIFT_UPCOMING_FEATURE_MEMBER_IMPORT_VISIBILITY = YES;
				SWIFT_VERSION = 5.0;
				TARGETED_DEVICE_FAMILY = "1,2";
			};
			name = Release;
		};
		A3B5A0342E2DF8B800E8C881 /* Debug */ = {
			isa = XCBuildConfiguration;
			buildSettings = {
				ALWAYS_SEARCH_USER_PATHS = NO;
				ASSETCATALOG_COMPILER_GENERATE_SWIFT_ASSET_SYMBOL_EXTENSIONS = YES;
				CLANG_ANALYZER_NONNULL = YES;
				CLANG_ANALYZER_NUMBER_OBJECT_CONVERSION = YES_AGGRESSIVE;
				CLANG_CXX_LANGUAGE_STANDARD = "gnu++20";
				CLANG_ENABLE_MODULES = YES;
				CLANG_ENABLE_OBJC_ARC = YES;
				CLANG_ENABLE_OBJC_WEAK = YES;
				CLANG_WARN_BLOCK_CAPTURE_AUTORELEASING = YES;
				CLANG_WARN_BOOL_CONVERSION = YES;
				CLANG_WARN_COMMA = YES;
				CLANG_WARN_CONSTANT_CONVERSION = YES;
				CLANG_WARN_DEPRECATED_OBJC_IMPLEMENTATIONS = YES;
				CLANG_WARN_DIRECT_OBJC_ISA_USAGE = YES_ERROR;
				CLANG_WARN_DOCUMENTATION_COMMENTS = YES;
				CLANG_WARN_EMPTY_BODY = YES;
				CLANG_WARN_ENUM_CONVERSION = YES;
				CLANG_WARN_INFINITE_RECURSION = YES;
				CLANG_WARN_INT_CONVERSION = YES;
				CLANG_WARN_NON_LITERAL_NULL_CONVERSION = YES;
				CLANG_WARN_OBJC_IMPLICIT_RETAIN_SELF = YES;
				CLANG_WARN_OBJC_LITERAL_CONVERSION = YES;
				CLANG_WARN_OBJC_ROOT_CLASS = YES_ERROR;
				CLANG_WARN_QUOTED_INCLUDE_IN_FRAMEWORK_HEADER = YES;
				CLANG_WARN_RANGE_LOOP_ANALYSIS = YES;
				CLANG_WARN_STRICT_PROTOTYPES = YES;
				CLANG_WARN_SUSPICIOUS_MOVE = YES;
				CLANG_WARN_UNGUARDED_AVAILABILITY = YES_AGGRESSIVE;
				CLANG_WARN_UNREACHABLE_CODE = YES;
				CLANG_WARN__DUPLICATE_METHOD_MATCH = YES;
				COPY_PHASE_STRIP = NO;
				DEBUG_INFORMATION_FORMAT = dwarf;
				DEVELOPMENT_TEAM = 5BMZT525A2;
				ENABLE_STRICT_OBJC_MSGSEND = YES;
				ENABLE_TESTABILITY = YES;
				ENABLE_USER_SCRIPT_SANDBOXING = YES;
				GCC_C_LANGUAGE_STANDARD = gnu17;
				GCC_DYNAMIC_NO_PIC = NO;
				GCC_NO_COMMON_BLOCKS = YES;
				GCC_OPTIMIZATION_LEVEL = 0;
				GCC_PREPROCESSOR_DEFINITIONS = (
					"DEBUG=1",
					"$(inherited)",
				);
				GCC_WARN_64_TO_32_BIT_CONVERSION = YES;
				GCC_WARN_ABOUT_RETURN_TYPE = YES_ERROR;
				GCC_WARN_UNDECLARED_SELECTOR = YES;
				GCC_WARN_UNINITIALIZED_AUTOS = YES_AGGRESSIVE;
				GCC_WARN_UNUSED_FUNCTION = YES;
				GCC_WARN_UNUSED_VARIABLE = YES;
				IPHONEOS_DEPLOYMENT_TARGET = 26.0;
				LOCALIZATION_PREFERS_STRING_CATALOGS = YES;
				MTL_ENABLE_DEBUG_INFO = INCLUDE_SOURCE;
				MTL_FAST_MATH = YES;
				ONLY_ACTIVE_ARCH = YES;
				SDKROOT = iphoneos;
				SWIFT_ACTIVE_COMPILATION_CONDITIONS = "DEBUG $(inherited)";
				SWIFT_OPTIMIZATION_LEVEL = "-Onone";
			};
			name = Debug;
		};
		A3B5A0352E2DF8B800E8C881 /* Release */ = {
			isa = XCBuildConfiguration;
			buildSettings = {
				ALWAYS_SEARCH_USER_PATHS = NO;
				ASSETCATALOG_COMPILER_GENERATE_SWIFT_ASSET_SYMBOL_EXTENSIONS = YES;
				CLANG_ANALYZER_NONNULL = YES;
				CLANG_ANALYZER_NUMBER_OBJECT_CONVERSION = YES_AGGRESSIVE;
				CLANG_CXX_LANGUAGE_STANDARD = "gnu++20";
				CLANG_ENABLE_MODULES = YES;
				CLANG_ENABLE_OBJC_ARC = YES;
				CLANG_ENABLE_OBJC_WEAK = YES;
				CLANG_WARN_BLOCK_CAPTURE_AUTORELEASING = YES;
				CLANG_WARN_BOOL_CONVERSION = YES;
				CLANG_WARN_COMMA = YES;
				CLANG_WARN_CONSTANT_CONVERSION = YES;
				CLANG_WARN_DEPRECATED_OBJC_IMPLEMENTATIONS = YES;
				CLANG_WARN_DIRECT_OBJC_ISA_USAGE = YES_ERROR;
				CLANG_WARN_DOCUMENTATION_COMMENTS = YES;
				CLANG_WARN_EMPTY_BODY = YES;
				CLANG_WARN_ENUM_CONVERSION = YES;
				CLANG_WARN_INFINITE_RECURSION = YES;
				CLANG_WARN_INT_CONVERSION = YES;
				CLANG_WARN_NON_LITERAL_NULL_CONVERSION = YES;
				CLANG_WARN_OBJC_IMPLICIT_RETAIN_SELF = YES;
				CLANG_WARN_OBJC_LITERAL_CONVERSION = YES;
				CLANG_WARN_OBJC_ROOT_CLASS = YES_ERROR;
				CLANG_WARN_QUOTED_INCLUDE_IN_FRAMEWORK_HEADER = YES;
				CLANG_WARN_RANGE_LOOP_ANALYSIS = YES;
				CLANG_WARN_STRICT_PROTOTYPES = YES;
				CLANG_WARN_SUSPICIOUS_MOVE = YES;
				CLANG_WARN_UNGUARDED_AVAILABILITY = YES_AGGRESSIVE;
				CLANG_WARN_UNREACHABLE_CODE = YES;
				CLANG_WARN__DUPLICATE_METHOD_MATCH = YES;
				COPY_PHASE_STRIP = NO;
				DEBUG_INFORMATION_FORMAT = "dwarf-with-dsym";
				DEVELOPMENT_TEAM = 5BMZT525A2;
				ENABLE_NS_ASSERTIONS = NO;
				ENABLE_STRICT_OBJC_MSGSEND = YES;
				ENABLE_USER_SCRIPT_SANDBOXING = YES;
				GCC_C_LANGUAGE_STANDARD = gnu17;
				GCC_NO_COMMON_BLOCKS = YES;
				GCC_WARN_64_TO_32_BIT_CONVERSION = YES;
				GCC_WARN_ABOUT_RETURN_TYPE = YES_ERROR;
				GCC_WARN_UNDECLARED_SELECTOR = YES;
				GCC_WARN_UNINITIALIZED_AUTOS = YES_AGGRESSIVE;
				GCC_WARN_UNUSED_FUNCTION = YES;
				GCC_WARN_UNUSED_VARIABLE = YES;
				IPHONEOS_DEPLOYMENT_TARGET = 26.0;
				LOCALIZATION_PREFERS_STRING_CATALOGS = YES;
				MTL_ENABLE_DEBUG_INFO = NO;
				MTL_FAST_MATH = YES;
				SDKROOT = iphoneos;
				SWIFT_COMPILATION_MODE = wholemodule;
				VALIDATE_PRODUCT = YES;
			};
			name = Release;
		};
		A3B5A0372E2DF8B800E8C881 /* Debug */ = {
			isa = XCBuildConfiguration;
			buildSettings = {
				BUNDLE_LOADER = "$(TEST_HOST)";
				CODE_SIGN_STYLE = Automatic;
				CURRENT_PROJECT_VERSION = 1;
				DEVELOPMENT_TEAM = 5BMZT525A2;
				GENERATE_INFOPLIST_FILE = YES;
				IPHONEOS_DEPLOYMENT_TARGET = 26.0;
				MARKETING_VERSION = 1.0;
				PRODUCT_BUNDLE_IDENTIFIER = Infektyd.SyntraChatIOSTests;
				PRODUCT_NAME = "$(TARGET_NAME)";
				STRING_CATALOG_GENERATE_SYMBOLS = NO;
				SWIFT_APPROACHABLE_CONCURRENCY = YES;
				SWIFT_EMIT_LOC_STRINGS = NO;
				SWIFT_UPCOMING_FEATURE_MEMBER_IMPORT_VISIBILITY = YES;
				SWIFT_VERSION = 5.0;
				TARGETED_DEVICE_FAMILY = "1,2";
				TEST_HOST = "$(BUILT_PRODUCTS_DIR)/SyntraChatIOS.app/$(BUNDLE_EXECUTABLE_FOLDER_PATH)/SyntraChatIOS";
			};
			name = Debug;
		};
		A3B5A0382E2DF8B800E8C881 /* Release */ = {
			isa = XCBuildConfiguration;
			buildSettings = {
				BUNDLE_LOADER = "$(TEST_HOST)";
				CODE_SIGN_STYLE = Automatic;
				CURRENT_PROJECT_VERSION = 1;
				DEVELOPMENT_TEAM = 5BMZT525A2;
				GENERATE_INFOPLIST_FILE = YES;
				IPHONEOS_DEPLOYMENT_TARGET = 26.0;
				MARKETING_VERSION = 1.0;
				PRODUCT_BUNDLE_IDENTIFIER = Infektyd.SyntraChatIOSTests;
				PRODUCT_NAME = "$(TARGET_NAME)";
				STRING_CATALOG_GENERATE_SYMBOLS = NO;
				SWIFT_APPROACHABLE_CONCURRENCY = YES;
				SWIFT_EMIT_LOC_STRINGS = NO;
				SWIFT_UPCOMING_FEATURE_MEMBER_IMPORT_VISIBILITY = YES;
				SWIFT_VERSION = 5.0;
				TARGETED_DEVICE_FAMILY = "1,2";
				TEST_HOST = "$(BUILT_PRODUCTS_DIR)/SyntraChatIOS.app/$(BUNDLE_EXECUTABLE_FOLDER_PATH)/SyntraChatIOS";
			};
			name = Release;
		};
		A3B5A03A2E2DF8B800E8C881 /* Debug */ = {
			isa = XCBuildConfiguration;
			buildSettings = {
				CODE_SIGN_STYLE = Automatic;
				CURRENT_PROJECT_VERSION = 1;
				DEVELOPMENT_TEAM = 5BMZT525A2;
				GENERATE_INFOPLIST_FILE = YES;
				MARKETING_VERSION = 1.0;
				PRODUCT_BUNDLE_IDENTIFIER = Infektyd.SyntraChatIOSUITests;
				PRODUCT_NAME = "$(TARGET_NAME)";
				STRING_CATALOG_GENERATE_SYMBOLS = NO;
				SWIFT_APPROACHABLE_CONCURRENCY = YES;
				SWIFT_EMIT_LOC_STRINGS = NO;
				SWIFT_UPCOMING_FEATURE_MEMBER_IMPORT_VISIBILITY = YES;
				SWIFT_VERSION = 5.0;
				TARGETED_DEVICE_FAMILY = "1,2";
				TEST_TARGET_NAME = SyntraChatIOS;
			};
			name = Debug;
		};
		A3B5A03B2E2DF8B800E8C881 /* Release */ = {
			isa = XCBuildConfiguration;
			buildSettings = {
				CODE_SIGN_STYLE = Automatic;
				CURRENT_PROJECT_VERSION = 1;
				DEVELOPMENT_TEAM = 5BMZT525A2;
				GENERATE_INFOPLIST_FILE = YES;
				MARKETING_VERSION = 1.0;
				PRODUCT_BUNDLE_IDENTIFIER = Infektyd.SyntraChatIOSUITests;
				PRODUCT_NAME = "$(TARGET_NAME)";
				STRING_CATALOG_GENERATE_SYMBOLS = NO;
				SWIFT_APPROACHABLE_CONCURRENCY = YES;
				SWIFT_EMIT_LOC_STRINGS = NO;
				SWIFT_UPCOMING_FEATURE_MEMBER_IMPORT_VISIBILITY = YES;
				SWIFT_VERSION = 5.0;
				TARGETED_DEVICE_FAMILY = "1,2";
				TEST_TARGET_NAME = SyntraChatIOS;
			};
			name = Release;
		};
/* End XCBuildConfiguration section */

/* Begin XCConfigurationList section */
		A3B5A0082E2DF8B600E8C881 /* Build configuration list for PBXProject "SyntraChatIOS" */ = {
			isa = XCConfigurationList;
			buildConfigurations = (
				A3B5A0342E2DF8B800E8C881 /* Debug */,
				A3B5A0352E2DF8B800E8C881 /* Release */,
			);
			defaultConfigurationIsVisible = 0;
			defaultConfigurationName = Release;
		};
		A3B5A0312E2DF8B800E8C881 /* Build configuration list for PBXNativeTarget "SyntraChatIOS" */ = {
			isa = XCConfigurationList;
			buildConfigurations = (
				A3B5A0322E2DF8B800E8C881 /* Debug */,
				A3B5A0332E2DF8B800E8C881 /* Release */,
			);
			defaultConfigurationIsVisible = 0;
			defaultConfigurationName = Release;
		};
		A3B5A0362E2DF8B800E8C881 /* Build configuration list for PBXNativeTarget "SyntraChatIOSTests" */ = {
			isa = XCConfigurationList;
			buildConfigurations = (
				A3B5A0372E2DF8B800E8C881 /* Debug */,
				A3B5A0382E2DF8B800E8C881 /* Release */,
			);
			defaultConfigurationIsVisible = 0;
			defaultConfigurationName = Release;
		};
		A3B5A0392E2DF8B800E8C881 /* Build configuration list for PBXNativeTarget "SyntraChatIOSUITests" */ = {
			isa = XCConfigurationList;
			buildConfigurations = (
				A3B5A03A2E2DF8B800E8C881 /* Debug */,
				A3B5A03B2E2DF8B800E8C881 /* Release */,
			);
			defaultConfigurationIsVisible = 0;
			defaultConfigurationName = Release;
		};
/* End XCConfigurationList section */
	};
	rootObject = A3B5A0052E2DF8B600E8C881 /* Project object */;
}
